
Microsoft Visual Studio Solution File, Format Version 12.00
# Visual Studio Version 16
VisualStudioVersion = 16.0.30804.86
MinimumVisualStudioVersion = 10.0.40219.1
Project("{FAE04EC0-301F-11D3-BF4B-00C04F79EFBC}") = "TestProject", "TestProject\TestProject.csproj", "{394F3C18-0F59-4197-B9B1-F5BDCA33E8E9}"
EndProject
Project("{FAE04EC0-301F-11D3-BF4B-00C04F79EFBC}") = "UnitTests", "UnitTests\UnitTests.csproj", "{AD0EF25D-0CF0-4988-B345-5F125AD94E44}"
EndProject
Global
	GlobalSection(SolutionConfigurationPlatforms) = preSolution
		Debug|Any CPU = Debug|Any CPU
		Release|Any CPU = Release|Any CPU
	EndGlobalSection
	GlobalSection(ProjectConfigurationPlatforms) = postSolution
		{394F3C18-0F59-4197-B9B1-F5BDCA33E8E9}.Debug|Any CPU.ActiveCfg = Debug|Any CPU
		{394F3C18-0F59-4197-B9B1-F5BDCA33E8E9}.Debug|Any CPU.Build.0 = Debug|Any CPU
		{394F3C18-0F59-4197-B9B1-F5BDCA33E8E9}.Release|Any CPU.ActiveCfg = Release|Any CPU
		{394F3C18-0F59-4197-B9B1-F5BDCA33E8E9}.Release|Any CPU.Build.0 = Release|Any CPU
		{AD0EF25D-0CF0-4988-B345-5F125AD94E44}.Debug|Any CPU.ActiveCfg = Debug|Any CPU
		{AD0EF25D-0CF0-4988-B345-5F125AD94E44}.Debug|Any CPU.Build.0 = Debug|Any CPU
		{AD0EF25D-0CF0-4988-B345-5F125AD94E44}.Release|Any CPU.ActiveCfg = Release|Any CPU
		{AD0EF25D-0CF0-4988-B345-5F125AD94E44}.Release|Any CPU.Build.0 = Release|Any CPU
	EndGlobalSection
	GlobalSection(SolutionProperties) = preSolution
		HideSolutionNode = FALSE
	EndGlobalSection
	GlobalSection(ExtensibilityGlobals) = postSolution
		SolutionGuid = {F7174D2C-B255-4444-A205-30C320C19BF7}
	EndGlobalSection
EndGlobal
